
Microsoft Visual Studio Solution File, Format Version 12.00
# Visual Studio Version 17
VisualStudioVersion = 17.4.33122.133
MinimumVisualStudioVersion = 10.0.40219.1
Project("{9A19103F-16F7-4668-BE54-9A1E7A4F7556}") = "FurnitureStoreWebApi", "FurnitureStoreWebApi\FurnitureStoreWebApi.csproj", "{39119756-4C86-426C-9138-BC9A4176A9AB}"
EndProject
Project("{FAE04EC0-301F-11D3-BF4B-00C04F79EFBC}") = "FurnitureStoreWPF", "FurnitureStoreWPF\FurnitureStoreWPF.csproj", "{A8ADABEE-9891-4D13-AD51-31A402877825}"
EndProject
Global
	GlobalSection(SolutionConfigurationPlatforms) = preSolution
		Debug|Any CPU = Debug|Any CPU
		Release|Any CPU = Release|Any CPU
	EndGlobalSection
	GlobalSection(ProjectConfigurationPlatforms) = postSolution
		{39119756-4C86-426C-9138-BC9A4176A9AB}.Debug|Any CPU.ActiveCfg = Debug|Any CPU
		{39119756-4C86-426C-9138-BC9A4176A9AB}.Debug|Any CPU.Build.0 = Debug|Any CPU
		{39119756-4C86-426C-9138-BC9A4176A9AB}.Release|Any CPU.ActiveCfg = Release|Any CPU
		{39119756-4C86-426C-9138-BC9A4176A9AB}.Release|Any CPU.Build.0 = Release|Any CPU
		{A8ADABEE-9891-4D13-AD51-31A402877825}.Debug|Any CPU.ActiveCfg = Debug|Any CPU
		{A8ADABEE-9891-4D13-AD51-31A402877825}.Debug|Any CPU.Build.0 = Debug|Any CPU
		{A8ADABEE-9891-4D13-AD51-31A402877825}.Release|Any CPU.ActiveCfg = Release|Any CPU
		{A8ADABEE-9891-4D13-AD51-31A402877825}.Release|Any CPU.Build.0 = Release|Any CPU
	EndGlobalSection
	GlobalSection(SolutionProperties) = preSolution
		HideSolutionNode = FALSE
	EndGlobalSection
	GlobalSection(ExtensibilityGlobals) = postSolution
		SolutionGuid = {E73EBD4A-50A0-4588-9DB9-FA0539B7E879}
	EndGlobalSection
EndGlobal
